{
  "version": 4,
  "terraform_version": "1.14.0",
  "serial": 20,
  "lineage": "d2bf260a-64db-68dc-57e4-0c9191bc6543",
  "outputs": {
    "bootstrap_complete": {
      "value": "✅ Bootstrap complete! Resources created in ap-northeast-1",
      "type": "string"
    },
    "bucket_names": {
      "value": {
        "dev": "christian-devops-challenge-tfstate-dev",
        "prod": "christian-devops-challenge-tfstate-prod",
        "staging": "christian-devops-challenge-tfstate-staging"
      },
      "type": [
        "object",
        {
          "dev": "string",
          "prod": "string",
          "staging": "string"
        }
      ]
    },
    "buckets_created": {
      "value": {
        "dev": "devops-challenge-tfstate-dev",
        "prod": "devops-challenge-tfstate-prod",
        "staging": "devops-challenge-tfstate-staging"
      },
      "type": [
        "object",
        {
          "dev": "string",
          "prod": "string",
          "staging": "string"
        }
      ]
    },
    "dynamodb_tables": {
      "value": {
        "dev": "devops-challenge-tfstate-lock-dev",
        "prod": "devops-challenge-tfstate-lock-prod",
        "staging": "devops-challenge-tfstate-lock-staging"
      },
      "type": [
        "object",
        {
          "dev": "string",
          "prod": "string",
          "staging": "string"
        }
      ]
    },
    "dynamodb_tables_created": {
      "value": {
        "dev": "devops-challenge-tfstate-lock-dev",
        "prod": "devops-challenge-tfstate-lock-prod",
        "staging": "devops-challenge-tfstate-lock-staging"
      },
      "type": [
        "object",
        {
          "dev": "string",
          "prod": "string",
          "staging": "string"
        }
      ]
    }
  },
  "resources": [
    {
      "mode": "managed",
      "type": "aws_dynamodb_table",
      "name": "terraform_lock",
      "provider": "provider[\"registry.terraform.io/hashicorp/aws\"]",
      "instances": [
        {
          "index_key": "dev",
          "schema_version": 1,
          "attributes": {
            "arn": "arn:aws:dynamodb:ap-northeast-1:572055139613:table/devops-challenge-tfstate-lock-dev",
            "attribute": [
              {
                "name": "LockID",
                "type": "S"
              }
            ],
            "billing_mode": "PAY_PER_REQUEST",
            "deletion_protection_enabled": false,
            "global_secondary_index": [],
            "hash_key": "LockID",
            "id": "devops-challenge-tfstate-lock-dev",
            "import_table": [],
            "local_secondary_index": [],
            "name": "devops-challenge-tfstate-lock-dev",
            "on_demand_throughput": [],
            "point_in_time_recovery": [
              {
                "enabled": false,
                "recovery_period_in_days": 0
              }
            ],
            "range_key": null,
            "read_capacity": 0,
            "replica": [],
            "restore_date_time": null,
            "restore_source_name": null,
            "restore_source_table_arn": null,
            "restore_to_latest_time": null,
            "server_side_encryption": [],
            "stream_arn": "",
            "stream_enabled": false,
            "stream_label": "",
            "stream_view_type": "",
            "table_class": "STANDARD",
            "tags": {
              "Component": "Terraform-Backend",
              "CreatedBy": "Bootstrap",
              "Environment": "dev",
              "ManagedBy": "Terraform",
              "Name": "terraform-lock-dev",
              "Project": "DevOps-Challenge"
            },
            "tags_all": {
              "Component": "Terraform-Backend",
              "CreatedBy": "Bootstrap",
              "Environment": "dev",
              "ManagedBy": "Terraform",
              "Name": "terraform-lock-dev",
              "Project": "DevOps-Challenge"
            },
            "timeouts": null,
            "ttl": [
              {
                "attribute_name": "",
                "enabled": false
              }
            ],
            "write_capacity": 0
          },
          "sensitive_attributes": [],
          "identity_schema_version": 0,
          "private": "eyJlMmJmYjczMC1lY2FhLTExZTYtOGY4OC0zNDM2M2JjN2M0YzAiOnsiY3JlYXRlIjoxODAwMDAwMDAwMDAwLCJkZWxldGUiOjYwMDAwMDAwMDAwMCwidXBkYXRlIjozNjAwMDAwMDAwMDAwfSwic2NoZW1hX3ZlcnNpb24iOiIxIn0="
        },
        {
          "index_key": "prod",
          "schema_version": 1,
          "attributes": {
            "arn": "arn:aws:dynamodb:ap-northeast-1:572055139613:table/devops-challenge-tfstate-lock-prod",
            "attribute": [
              {
                "name": "LockID",
                "type": "S"
              }
            ],
            "billing_mode": "PAY_PER_REQUEST",
            "deletion_protection_enabled": false,
            "global_secondary_index": [],
            "hash_key": "LockID",
            "id": "devops-challenge-tfstate-lock-prod",
            "import_table": [],
            "local_secondary_index": [],
            "name": "devops-challenge-tfstate-lock-prod",
            "on_demand_throughput": [],
            "point_in_time_recovery": [
              {
                "enabled": false,
                "recovery_period_in_days": 0
              }
            ],
            "range_key": null,
            "read_capacity": 0,
            "replica": [],
            "restore_date_time": null,
            "restore_source_name": null,
            "restore_source_table_arn": null,
            "restore_to_latest_time": null,
            "server_side_encryption": [],
            "stream_arn": "",
            "stream_enabled": false,
            "stream_label": "",
            "stream_view_type": "",
            "table_class": "STANDARD",
            "tags": {
              "Component": "Terraform-Backend",
              "CreatedBy": "Bootstrap",
              "Environment": "prod",
              "ManagedBy": "Terraform",
              "Name": "terraform-lock-prod",
              "Project": "DevOps-Challenge"
            },
            "tags_all": {
              "Component": "Terraform-Backend",
              "CreatedBy": "Bootstrap",
              "Environment": "prod",
              "ManagedBy": "Terraform",
              "Name": "terraform-lock-prod",
              "Project": "DevOps-Challenge"
            },
            "timeouts": null,
            "ttl": [
              {
                "attribute_name": "",
                "enabled": false
              }
            ],
            "write_capacity": 0
          },
          "sensitive_attributes": [],
          "identity_schema_version": 0,
          "private": "eyJlMmJmYjczMC1lY2FhLTExZTYtOGY4OC0zNDM2M2JjN2M0YzAiOnsiY3JlYXRlIjoxODAwMDAwMDAwMDAwLCJkZWxldGUiOjYwMDAwMDAwMDAwMCwidXBkYXRlIjozNjAwMDAwMDAwMDAwfSwic2NoZW1hX3ZlcnNpb24iOiIxIn0="
        },
        {
          "index_key": "staging",
          "schema_version": 1,
          "attributes": {
            "arn": "arn:aws:dynamodb:ap-northeast-1:572055139613:table/devops-challenge-tfstate-lock-staging",
            "attribute": [
              {
                "name": "LockID",
                "type": "S"
              }
            ],
            "billing_mode": "PAY_PER_REQUEST",
            "deletion_protection_enabled": false,
            "global_secondary_index": [],
            "hash_key": "LockID",
            "id": "devops-challenge-tfstate-lock-staging",
            "import_table": [],
            "local_secondary_index": [],
            "name": "devops-challenge-tfstate-lock-staging",
            "on_demand_throughput": [],
            "point_in_time_recovery": [
              {
                "enabled": false,
                "recovery_period_in_days": 0
              }
            ],
            "range_key": null,
            "read_capacity": 0,
            "replica": [],
            "restore_date_time": null,
            "restore_source_name": null,
            "restore_source_table_arn": null,
            "restore_to_latest_time": null,
            "server_side_encryption": [],
            "stream_arn": "",
            "stream_enabled": false,
            "stream_label": "",
            "stream_view_type": "",
            "table_class": "STANDARD",
            "tags": {
              "Component": "Terraform-Backend",
              "CreatedBy": "Bootstrap",
              "Environment": "staging",
              "ManagedBy": "Terraform",
              "Name": "terraform-lock-staging",
              "Project": "DevOps-Challenge"
            },
            "tags_all": {
              "Component": "Terraform-Backend",
              "CreatedBy": "Bootstrap",
              "Environment": "staging",
              "ManagedBy": "Terraform",
              "Name": "terraform-lock-staging",
              "Project": "DevOps-Challenge"
            },
            "timeouts": null,
            "ttl": [
              {
                "attribute_name": "",
                "enabled": false
              }
            ],
            "write_capacity": 0
          },
          "sensitive_attributes": [],
          "identity_schema_version": 0,
          "private": "eyJlMmJmYjczMC1lY2FhLTExZTYtOGY4OC0zNDM2M2JjN2M0YzAiOnsiY3JlYXRlIjoxODAwMDAwMDAwMDAwLCJkZWxldGUiOjYwMDAwMDAwMDAwMCwidXBkYXRlIjozNjAwMDAwMDAwMDAwfSwic2NoZW1hX3ZlcnNpb24iOiIxIn0="
        }
      ]
    },
    {
      "mode": "managed",
      "type": "aws_s3_bucket",
      "name": "terraform_state",
      "provider": "provider[\"registry.terraform.io/hashicorp/aws\"]",
      "instances": [
        {
          "index_key": "dev",
          "schema_version": 0,
          "attributes": {
            "acceleration_status": "",
            "acl": null,
            "arn": "arn:aws:s3:::christian-devops-challenge-tfstate-dev",
            "bucket": "christian-devops-challenge-tfstate-dev",
            "bucket_domain_name": "christian-devops-challenge-tfstate-dev.s3.amazonaws.com",
            "bucket_prefix": "",
            "bucket_regional_domain_name": "christian-devops-challenge-tfstate-dev.s3.ap-northeast-1.amazonaws.com",
            "cors_rule": [],
            "force_destroy": true,
            "grant": [
              {
                "id": "94fcfbf1d610ae402f14220384f691e6a9b0c260b2c9cddc7ddada588371fb2c",
                "permissions": [
                  "FULL_CONTROL"
                ],
                "type": "CanonicalUser",
                "uri": ""
              }
            ],
            "hosted_zone_id": "Z2M4EHUR26P7ZW",
            "id": "christian-devops-challenge-tfstate-dev",
            "lifecycle_rule": [],
            "logging": [],
            "object_lock_configuration": [],
            "object_lock_enabled": false,
            "policy": "",
            "region": "ap-northeast-1",
            "replication_configuration": [],
            "request_payer": "BucketOwner",
            "server_side_encryption_configuration": [
              {
                "rule": [
                  {
                    "apply_server_side_encryption_by_default": [
                      {
                        "kms_master_key_id": "",
                        "sse_algorithm": "AES256"
                      }
                    ],
                    "bucket_key_enabled": false
                  }
                ]
              }
            ],
            "tags": {
              "Component": "Terraform-Backend",
              "CreatedBy": "Bootstrap",
              "Environment": "dev",
              "ManagedBy": "Terraform",
              "Name": "terraform-state-dev",
              "Project": "DevOps-Challenge"
            },
            "tags_all": {
              "Component": "Terraform-Backend",
              "CreatedBy": "Bootstrap",
              "Environment": "dev",
              "ManagedBy": "Terraform",
              "Name": "terraform-state-dev",
              "Project": "DevOps-Challenge"
            },
            "timeouts": null,
            "versioning": [
              {
                "enabled": false,
                "mfa_delete": false
              }
            ],
            "website": [],
            "website_domain": null,
            "website_endpoint": null
          },
          "sensitive_attributes": [],
          "identity_schema_version": 0,
          "private": "eyJlMmJmYjczMC1lY2FhLTExZTYtOGY4OC0zNDM2M2JjN2M0YzAiOnsiY3JlYXRlIjoxMjAwMDAwMDAwMDAwLCJkZWxldGUiOjM2MDAwMDAwMDAwMDAsInJlYWQiOjEyMDAwMDAwMDAwMDAsInVwZGF0ZSI6MTIwMDAwMDAwMDAwMH19"
        },
        {
          "index_key": "prod",
          "schema_version": 0,
          "attributes": {
            "acceleration_status": "",
            "acl": null,
            "arn": "arn:aws:s3:::christian-devops-challenge-tfstate-prod",
            "bucket": "christian-devops-challenge-tfstate-prod",
            "bucket_domain_name": "christian-devops-challenge-tfstate-prod.s3.amazonaws.com",
            "bucket_prefix": "",
            "bucket_regional_domain_name": "christian-devops-challenge-tfstate-prod.s3.ap-northeast-1.amazonaws.com",
            "cors_rule": [],
            "force_destroy": true,
            "grant": [
              {
                "id": "94fcfbf1d610ae402f14220384f691e6a9b0c260b2c9cddc7ddada588371fb2c",
                "permissions": [
                  "FULL_CONTROL"
                ],
                "type": "CanonicalUser",
                "uri": ""
              }
            ],
            "hosted_zone_id": "Z2M4EHUR26P7ZW",
            "id": "christian-devops-challenge-tfstate-prod",
            "lifecycle_rule": [],
            "logging": [],
            "object_lock_configuration": [],
            "object_lock_enabled": false,
            "policy": "",
            "region": "ap-northeast-1",
            "replication_configuration": [],
            "request_payer": "BucketOwner",
            "server_side_encryption_configuration": [
              {
                "rule": [
                  {
                    "apply_server_side_encryption_by_default": [
                      {
                        "kms_master_key_id": "",
                        "sse_algorithm": "AES256"
                      }
                    ],
                    "bucket_key_enabled": false
                  }
                ]
              }
            ],
            "tags": {
              "Component": "Terraform-Backend",
              "CreatedBy": "Bootstrap",
              "Environment": "prod",
              "ManagedBy": "Terraform",
              "Name": "terraform-state-prod",
              "Project": "DevOps-Challenge"
            },
            "tags_all": {
              "Component": "Terraform-Backend",
              "CreatedBy": "Bootstrap",
              "Environment": "prod",
              "ManagedBy": "Terraform",
              "Name": "terraform-state-prod",
              "Project": "DevOps-Challenge"
            },
            "timeouts": null,
            "versioning": [
              {
                "enabled": false,
                "mfa_delete": false
              }
            ],
            "website": [],
            "website_domain": null,
            "website_endpoint": null
          },
          "sensitive_attributes": [],
          "identity_schema_version": 0,
          "private": "eyJlMmJmYjczMC1lY2FhLTExZTYtOGY4OC0zNDM2M2JjN2M0YzAiOnsiY3JlYXRlIjoxMjAwMDAwMDAwMDAwLCJkZWxldGUiOjM2MDAwMDAwMDAwMDAsInJlYWQiOjEyMDAwMDAwMDAwMDAsInVwZGF0ZSI6MTIwMDAwMDAwMDAwMH19"
        },
        {
          "index_key": "staging",
          "schema_version": 0,
          "attributes": {
            "acceleration_status": "",
            "acl": null,
            "arn": "arn:aws:s3:::christian-devops-challenge-tfstate-staging",
            "bucket": "christian-devops-challenge-tfstate-staging",
            "bucket_domain_name": "christian-devops-challenge-tfstate-staging.s3.amazonaws.com",
            "bucket_prefix": "",
            "bucket_regional_domain_name": "christian-devops-challenge-tfstate-staging.s3.ap-northeast-1.amazonaws.com",
            "cors_rule": [],
            "force_destroy": true,
            "grant": [
              {
                "id": "94fcfbf1d610ae402f14220384f691e6a9b0c260b2c9cddc7ddada588371fb2c",
                "permissions": [
                  "FULL_CONTROL"
                ],
                "type": "CanonicalUser",
                "uri": ""
              }
            ],
            "hosted_zone_id": "Z2M4EHUR26P7ZW",
            "id": "christian-devops-challenge-tfstate-staging",
            "lifecycle_rule": [],
            "logging": [],
            "object_lock_configuration": [],
            "object_lock_enabled": false,
            "policy": "",
            "region": "ap-northeast-1",
            "replication_configuration": [],
            "request_payer": "BucketOwner",
            "server_side_encryption_configuration": [
              {
                "rule": [
                  {
                    "apply_server_side_encryption_by_default": [
                      {
                        "kms_master_key_id": "",
                        "sse_algorithm": "AES256"
                      }
                    ],
                    "bucket_key_enabled": false
                  }
                ]
              }
            ],
            "tags": {
              "Component": "Terraform-Backend",
              "CreatedBy": "Bootstrap",
              "Environment": "staging",
              "ManagedBy": "Terraform",
              "Name": "terraform-state-staging",
              "Project": "DevOps-Challenge"
            },
            "tags_all": {
              "Component": "Terraform-Backend",
              "CreatedBy": "Bootstrap",
              "Environment": "staging",
              "ManagedBy": "Terraform",
              "Name": "terraform-state-staging",
              "Project": "DevOps-Challenge"
            },
            "timeouts": null,
            "versioning": [
              {
                "enabled": false,
                "mfa_delete": false
              }
            ],
            "website": [],
            "website_domain": null,
            "website_endpoint": null
          },
          "sensitive_attributes": [],
          "identity_schema_version": 0,
          "private": "eyJlMmJmYjczMC1lY2FhLTExZTYtOGY4OC0zNDM2M2JjN2M0YzAiOnsiY3JlYXRlIjoxMjAwMDAwMDAwMDAwLCJkZWxldGUiOjM2MDAwMDAwMDAwMDAsInJlYWQiOjEyMDAwMDAwMDAwMDAsInVwZGF0ZSI6MTIwMDAwMDAwMDAwMH19"
        }
      ]
    },
    {
      "mode": "managed",
      "type": "aws_s3_bucket_public_access_block",
      "name": "terraform_state",
      "provider": "provider[\"registry.terraform.io/hashicorp/aws\"]",
      "instances": [
        {
          "index_key": "dev",
          "schema_version": 0,
          "attributes": {
            "block_public_acls": true,
            "block_public_policy": true,
            "bucket": "christian-devops-challenge-tfstate-dev",
            "id": "christian-devops-challenge-tfstate-dev",
            "ignore_public_acls": true,
            "restrict_public_buckets": true
          },
          "sensitive_attributes": [],
          "identity_schema_version": 0,
          "private": "bnVsbA==",
          "dependencies": [
            "aws_s3_bucket.terraform_state"
          ]
        },
        {
          "index_key": "prod",
          "schema_version": 0,
          "attributes": {
            "block_public_acls": true,
            "block_public_policy": true,
            "bucket": "christian-devops-challenge-tfstate-prod",
            "id": "christian-devops-challenge-tfstate-prod",
            "ignore_public_acls": true,
            "restrict_public_buckets": true
          },
          "sensitive_attributes": [],
          "identity_schema_version": 0,
          "private": "bnVsbA==",
          "dependencies": [
            "aws_s3_bucket.terraform_state"
          ]
        },
        {
          "index_key": "staging",
          "schema_version": 0,
          "attributes": {
            "block_public_acls": true,
            "block_public_policy": true,
            "bucket": "christian-devops-challenge-tfstate-staging",
            "id": "christian-devops-challenge-tfstate-staging",
            "ignore_public_acls": true,
            "restrict_public_buckets": true
          },
          "sensitive_attributes": [],
          "identity_schema_version": 0,
          "private": "bnVsbA==",
          "dependencies": [
            "aws_s3_bucket.terraform_state"
          ]
        }
      ]
    },
    {
      "mode": "managed",
      "type": "aws_s3_bucket_server_side_encryption_configuration",
      "name": "terraform_state",
      "provider": "provider[\"registry.terraform.io/hashicorp/aws\"]",
      "instances": [
        {
          "index_key": "dev",
          "schema_version": 0,
          "attributes": {
            "bucket": "christian-devops-challenge-tfstate-dev",
            "expected_bucket_owner": "",
            "id": "christian-devops-challenge-tfstate-dev",
            "rule": [
              {
                "apply_server_side_encryption_by_default": [
                  {
                    "kms_master_key_id": "",
                    "sse_algorithm": "AES256"
                  }
                ],
                "bucket_key_enabled": null
              }
            ]
          },
          "sensitive_attributes": [],
          "identity_schema_version": 0,
          "private": "bnVsbA==",
          "dependencies": [
            "aws_s3_bucket.terraform_state"
          ]
        },
        {
          "index_key": "prod",
          "schema_version": 0,
          "attributes": {
            "bucket": "christian-devops-challenge-tfstate-prod",
            "expected_bucket_owner": "",
            "id": "christian-devops-challenge-tfstate-prod",
            "rule": [
              {
                "apply_server_side_encryption_by_default": [
                  {
                    "kms_master_key_id": "",
                    "sse_algorithm": "AES256"
                  }
                ],
                "bucket_key_enabled": null
              }
            ]
          },
          "sensitive_attributes": [],
          "identity_schema_version": 0,
          "private": "bnVsbA==",
          "dependencies": [
            "aws_s3_bucket.terraform_state"
          ]
        },
        {
          "index_key": "staging",
          "schema_version": 0,
          "attributes": {
            "bucket": "christian-devops-challenge-tfstate-staging",
            "expected_bucket_owner": "",
            "id": "christian-devops-challenge-tfstate-staging",
            "rule": [
              {
                "apply_server_side_encryption_by_default": [
                  {
                    "kms_master_key_id": "",
                    "sse_algorithm": "AES256"
                  }
                ],
                "bucket_key_enabled": null
              }
            ]
          },
          "sensitive_attributes": [],
          "identity_schema_version": 0,
          "private": "bnVsbA==",
          "dependencies": [
            "aws_s3_bucket.terraform_state"
          ]
        }
      ]
    },
    {
      "mode": "managed",
      "type": "aws_s3_bucket_versioning",
      "name": "terraform_state",
      "provider": "provider[\"registry.terraform.io/hashicorp/aws\"]",
      "instances": [
        {
          "index_key": "dev",
          "schema_version": 0,
          "attributes": {
            "bucket": "christian-devops-challenge-tfstate-dev",
            "expected_bucket_owner": "",
            "id": "christian-devops-challenge-tfstate-dev",
            "mfa": null,
            "versioning_configuration": [
              {
                "mfa_delete": "",
                "status": "Enabled"
              }
            ]
          },
          "sensitive_attributes": [],
          "identity_schema_version": 0,
          "private": "bnVsbA==",
          "dependencies": [
            "aws_s3_bucket.terraform_state"
          ]
        },
        {
          "index_key": "prod",
          "schema_version": 0,
          "attributes": {
            "bucket": "christian-devops-challenge-tfstate-prod",
            "expected_bucket_owner": "",
            "id": "christian-devops-challenge-tfstate-prod",
            "mfa": null,
            "versioning_configuration": [
              {
                "mfa_delete": "",
                "status": "Enabled"
              }
            ]
          },
          "sensitive_attributes": [],
          "identity_schema_version": 0,
          "private": "bnVsbA==",
          "dependencies": [
            "aws_s3_bucket.terraform_state"
          ]
        },
        {
          "index_key": "staging",
          "schema_version": 0,
          "attributes": {
            "bucket": "christian-devops-challenge-tfstate-staging",
            "expected_bucket_owner": "",
            "id": "christian-devops-challenge-tfstate-staging",
            "mfa": null,
            "versioning_configuration": [
              {
                "mfa_delete": "",
                "status": "Enabled"
              }
            ]
          },
          "sensitive_attributes": [],
          "identity_schema_version": 0,
          "private": "bnVsbA==",
          "dependencies": [
            "aws_s3_bucket.terraform_state"
          ]
        }
      ]
    }
  ],
  "check_results": null
}
